
Microsoft Visual Studio Solution File, Format Version 12.00
# Visual Studio 14
VisualStudioVersion = 14.0.25420.1
MinimumVisualStudioVersion = 10.0.40219.1
Project("{8BC9CEB8-8B4A-11D0-8D11-00A0C91BC942}") = "OptDuiSetup", "OptDuiSetup\OptDuiSetup.vcxproj", "{D45E000B-90F1-4ABB-9AE5-B9B81FA64A63}"
EndProject
Project("{8BC9CEB8-8B4A-11D0-8D11-00A0C91BC942}") = "DuiLib", "DuiLib\DuiLib.vcxproj", "{E106ACD7-4E53-4AEE-942B-D0DD426DB34E}"
EndProject
Project("{8BC9CEB8-8B4A-11D0-8D11-00A0C91BC942}") = "MyDemo", "MyDemo\MyDemo.vcxproj", "{0B2AF404-BCEE-468E-BE70-6EED1498DF35}"
EndProject
Global
	GlobalSection(SolutionConfigurationPlatforms) = preSolution
		Debug|Win32 = Debug|Win32
		Debug|x64 = Debug|x64
		Debug|x86 = Debug|x86
		Release|Win32 = Release|Win32
		Release|x64 = Release|x64
		Release|x86 = Release|x86
		UnicodeDebug|Win32 = UnicodeDebug|Win32
		UnicodeDebug|x64 = UnicodeDebug|x64
		UnicodeDebug|x86 = UnicodeDebug|x86
		UnicodeRelease|Win32 = UnicodeRelease|Win32
		UnicodeRelease|x64 = UnicodeRelease|x64
		UnicodeRelease|x86 = UnicodeRelease|x86
	EndGlobalSection
	GlobalSection(ProjectConfigurationPlatforms) = postSolution
		{D45E000B-90F1-4ABB-9AE5-B9B81FA64A63}.Debug|Win32.ActiveCfg = Debug|Win32
		{D45E000B-90F1-4ABB-9AE5-B9B81FA64A63}.Debug|Win32.Build.0 = Debug|Win32
		{D45E000B-90F1-4ABB-9AE5-B9B81FA64A63}.Debug|x64.ActiveCfg = Debug|x64
		{D45E000B-90F1-4ABB-9AE5-B9B81FA64A63}.Debug|x64.Build.0 = Debug|x64
		{D45E000B-90F1-4ABB-9AE5-B9B81FA64A63}.Debug|x86.ActiveCfg = Debug|Win32
		{D45E000B-90F1-4ABB-9AE5-B9B81FA64A63}.Debug|x86.Build.0 = Debug|Win32
		{D45E000B-90F1-4ABB-9AE5-B9B81FA64A63}.Release|Win32.ActiveCfg = Release|Win32
		{D45E000B-90F1-4ABB-9AE5-B9B81FA64A63}.Release|Win32.Build.0 = Release|Win32
		{D45E000B-90F1-4ABB-9AE5-B9B81FA64A63}.Release|x64.ActiveCfg = Release|x64
		{D45E000B-90F1-4ABB-9AE5-B9B81FA64A63}.Release|x64.Build.0 = Release|x64
		{D45E000B-90F1-4ABB-9AE5-B9B81FA64A63}.Release|x86.ActiveCfg = Release|Win32
		{D45E000B-90F1-4ABB-9AE5-B9B81FA64A63}.Release|x86.Build.0 = Release|Win32
		{D45E000B-90F1-4ABB-9AE5-B9B81FA64A63}.UnicodeDebug|Win32.ActiveCfg = Debug|Win32
		{D45E000B-90F1-4ABB-9AE5-B9B81FA64A63}.UnicodeDebug|Win32.Build.0 = Debug|Win32
		{D45E000B-90F1-4ABB-9AE5-B9B81FA64A63}.UnicodeDebug|x64.ActiveCfg = Debug|x64
		{D45E000B-90F1-4ABB-9AE5-B9B81FA64A63}.UnicodeDebug|x64.Build.0 = Debug|x64
		{D45E000B-90F1-4ABB-9AE5-B9B81FA64A63}.UnicodeDebug|x86.ActiveCfg = Debug|Win32
		{D45E000B-90F1-4ABB-9AE5-B9B81FA64A63}.UnicodeDebug|x86.Build.0 = Debug|Win32
		{D45E000B-90F1-4ABB-9AE5-B9B81FA64A63}.UnicodeRelease|Win32.ActiveCfg = Release|Win32
		{D45E000B-90F1-4ABB-9AE5-B9B81FA64A63}.UnicodeRelease|Win32.Build.0 = Release|Win32
		{D45E000B-90F1-4ABB-9AE5-B9B81FA64A63}.UnicodeRelease|x64.ActiveCfg = Release|x64
		{D45E000B-90F1-4ABB-9AE5-B9B81FA64A63}.UnicodeRelease|x64.Build.0 = Release|x64
		{D45E000B-90F1-4ABB-9AE5-B9B81FA64A63}.UnicodeRelease|x86.ActiveCfg = Release|Win32
		{D45E000B-90F1-4ABB-9AE5-B9B81FA64A63}.UnicodeRelease|x86.Build.0 = Release|Win32
		{E106ACD7-4E53-4AEE-942B-D0DD426DB34E}.Debug|Win32.ActiveCfg = Debug|Win32
		{E106ACD7-4E53-4AEE-942B-D0DD426DB34E}.Debug|Win32.Build.0 = Debug|Win32
		{E106ACD7-4E53-4AEE-942B-D0DD426DB34E}.Debug|x64.ActiveCfg = Debug|Win32
		{E106ACD7-4E53-4AEE-942B-D0DD426DB34E}.Debug|x86.ActiveCfg = Debug|Win32
		{E106ACD7-4E53-4AEE-942B-D0DD426DB34E}.Debug|x86.Build.0 = Debug|Win32
		{E106ACD7-4E53-4AEE-942B-D0DD426DB34E}.Release|Win32.ActiveCfg = Release|Win32
		{E106ACD7-4E53-4AEE-942B-D0DD426DB34E}.Release|Win32.Build.0 = Release|Win32
		{E106ACD7-4E53-4AEE-942B-D0DD426DB34E}.Release|x64.ActiveCfg = Release|Win32
		{E106ACD7-4E53-4AEE-942B-D0DD426DB34E}.Release|x86.ActiveCfg = Release|Win32
		{E106ACD7-4E53-4AEE-942B-D0DD426DB34E}.Release|x86.Build.0 = Release|Win32
		{E106ACD7-4E53-4AEE-942B-D0DD426DB34E}.UnicodeDebug|Win32.ActiveCfg = UnicodeDebug|Win32
		{E106ACD7-4E53-4AEE-942B-D0DD426DB34E}.UnicodeDebug|Win32.Build.0 = UnicodeDebug|Win32
		{E106ACD7-4E53-4AEE-942B-D0DD426DB34E}.UnicodeDebug|x64.ActiveCfg = UnicodeDebug|Win32
		{E106ACD7-4E53-4AEE-942B-D0DD426DB34E}.UnicodeDebug|x86.ActiveCfg = UnicodeDebug|Win32
		{E106ACD7-4E53-4AEE-942B-D0DD426DB34E}.UnicodeDebug|x86.Build.0 = UnicodeDebug|Win32
		{E106ACD7-4E53-4AEE-942B-D0DD426DB34E}.UnicodeRelease|Win32.ActiveCfg = UnicodeRelease|Win32
		{E106ACD7-4E53-4AEE-942B-D0DD426DB34E}.UnicodeRelease|Win32.Build.0 = UnicodeRelease|Win32
		{E106ACD7-4E53-4AEE-942B-D0DD426DB34E}.UnicodeRelease|x64.ActiveCfg = UnicodeRelease|Win32
		{E106ACD7-4E53-4AEE-942B-D0DD426DB34E}.UnicodeRelease|x86.ActiveCfg = UnicodeRelease|Win32
		{E106ACD7-4E53-4AEE-942B-D0DD426DB34E}.UnicodeRelease|x86.Build.0 = UnicodeRelease|Win32
		{0B2AF404-BCEE-468E-BE70-6EED1498DF35}.Debug|Win32.ActiveCfg = Debug|Win32
		{0B2AF404-BCEE-468E-BE70-6EED1498DF35}.Debug|Win32.Build.0 = Debug|Win32
		{0B2AF404-BCEE-468E-BE70-6EED1498DF35}.Debug|x64.ActiveCfg = Debug|x64
		{0B2AF404-BCEE-468E-BE70-6EED1498DF35}.Debug|x64.Build.0 = Debug|x64
		{0B2AF404-BCEE-468E-BE70-6EED1498DF35}.Debug|x86.ActiveCfg = Debug|Win32
		{0B2AF404-BCEE-468E-BE70-6EED1498DF35}.Debug|x86.Build.0 = Debug|Win32
		{0B2AF404-BCEE-468E-BE70-6EED1498DF35}.Release|Win32.ActiveCfg = Release|Win32
		{0B2AF404-BCEE-468E-BE70-6EED1498DF35}.Release|Win32.Build.0 = Release|Win32
		{0B2AF404-BCEE-468E-BE70-6EED1498DF35}.Release|x64.ActiveCfg = Release|x64
		{0B2AF404-BCEE-468E-BE70-6EED1498DF35}.Release|x64.Build.0 = Release|x64
		{0B2AF404-BCEE-468E-BE70-6EED1498DF35}.Release|x86.ActiveCfg = Release|Win32
		{0B2AF404-BCEE-468E-BE70-6EED1498DF35}.Release|x86.Build.0 = Release|Win32
		{0B2AF404-BCEE-468E-BE70-6EED1498DF35}.UnicodeDebug|Win32.ActiveCfg = Debug|Win32
		{0B2AF404-BCEE-468E-BE70-6EED1498DF35}.UnicodeDebug|Win32.Build.0 = Debug|Win32
		{0B2AF404-BCEE-468E-BE70-6EED1498DF35}.UnicodeDebug|x64.ActiveCfg = Debug|x64
		{0B2AF404-BCEE-468E-BE70-6EED1498DF35}.UnicodeDebug|x64.Build.0 = Debug|x64
		{0B2AF404-BCEE-468E-BE70-6EED1498DF35}.UnicodeDebug|x86.ActiveCfg = Debug|Win32
		{0B2AF404-BCEE-468E-BE70-6EED1498DF35}.UnicodeDebug|x86.Build.0 = Debug|Win32
		{0B2AF404-BCEE-468E-BE70-6EED1498DF35}.UnicodeRelease|Win32.ActiveCfg = Release|Win32
		{0B2AF404-BCEE-468E-BE70-6EED1498DF35}.UnicodeRelease|Win32.Build.0 = Release|Win32
		{0B2AF404-BCEE-468E-BE70-6EED1498DF35}.UnicodeRelease|x64.ActiveCfg = Release|x64
		{0B2AF404-BCEE-468E-BE70-6EED1498DF35}.UnicodeRelease|x64.Build.0 = Release|x64
		{0B2AF404-BCEE-468E-BE70-6EED1498DF35}.UnicodeRelease|x86.ActiveCfg = Release|Win32
		{0B2AF404-BCEE-468E-BE70-6EED1498DF35}.UnicodeRelease|x86.Build.0 = Release|Win32
	EndGlobalSection
	GlobalSection(SolutionProperties) = preSolution
		HideSolutionNode = FALSE
	EndGlobalSection
EndGlobal
